
Microsoft Visual Studio Solution File, Format Version 12.00
# Visual Studio 15
VisualStudioVersion = 15.0.27428.2043
MinimumVisualStudioVersion = 10.0.40219.1
Project("{9A19103F-16F7-4668-BE54-9A1E7A4F7556}") = "cendracine", "cendracine.csproj", "{BFADD5A2-F174-44C3-B577-918787605F78}"
EndProject
Global
	GlobalSection(SolutionConfigurationPlatforms) = preSolution
		Debug|Any CPU = Debug|Any CPU
		Release|Any CPU = Release|Any CPU
	EndGlobalSection
	GlobalSection(ProjectConfigurationPlatforms) = postSolution
		{BFADD5A2-F174-44C3-B577-918787605F78}.Debug|Any CPU.ActiveCfg = Debug|Any CPU
		{BFADD5A2-F174-44C3-B577-918787605F78}.Debug|Any CPU.Build.0 = Debug|Any CPU
		{BFADD5A2-F174-44C3-B577-918787605F78}.Release|Any CPU.ActiveCfg = Release|Any CPU
		{BFADD5A2-F174-44C3-B577-918787605F78}.Release|Any CPU.Build.0 = Release|Any CPU
	EndGlobalSection
	GlobalSection(SolutionProperties) = preSolution
		HideSolutionNode = FALSE
	EndGlobalSection
	GlobalSection(ExtensibilityGlobals) = postSolution
		SolutionGuid = {B7900490-9D18-4350-B158-1A9C6808D457}
	EndGlobalSection
EndGlobal
